
Microsoft Visual Studio Solution File, Format Version 12.00
# Visual Studio Version 16
VisualStudioVersion = 16.0.31205.134
MinimumVisualStudioVersion = 10.0.40219.1
Project("{FAE04EC0-301F-11D3-BF4B-00C04F79EFBC}") = "MyFirstWPF", "MyFirstWPF\MyFirstWPF.csproj", "{35AFE3EA-66EF-4B1C-A45F-C534307EEB27}"
EndProject
Global
	GlobalSection(SolutionConfigurationPlatforms) = preSolution
		Debug|Any CPU = Debug|Any CPU
		Release|Any CPU = Release|Any CPU
	EndGlobalSection
	GlobalSection(ProjectConfigurationPlatforms) = postSolution
		{35AFE3EA-66EF-4B1C-A45F-C534307EEB27}.Debug|Any CPU.ActiveCfg = Debug|Any CPU
		{35AFE3EA-66EF-4B1C-A45F-C534307EEB27}.Debug|Any CPU.Build.0 = Debug|Any CPU
		{35AFE3EA-66EF-4B1C-A45F-C534307EEB27}.Release|Any CPU.ActiveCfg = Release|Any CPU
		{35AFE3EA-66EF-4B1C-A45F-C534307EEB27}.Release|Any CPU.Build.0 = Release|Any CPU
	EndGlobalSection
	GlobalSection(SolutionProperties) = preSolution
		HideSolutionNode = FALSE
	EndGlobalSection
	GlobalSection(ExtensibilityGlobals) = postSolution
		SolutionGuid = {AE24F697-06D6-4633-9EC7-463F441448E8}
	EndGlobalSection
EndGlobal
